
Microsoft Visual Studio Solution File, Format Version 12.00
# Visual Studio Version 16
VisualStudioVersion = 16.0.30711.63
MinimumVisualStudioVersion = 10.0.40219.1
Project("{FAE04EC0-301F-11D3-BF4B-00C04F79EFBC}") = "TestColorDialog", "TestColorDialog\TestColorDialog.csproj", "{CEFD393A-EB59-448F-87A2-E1366E6D4CF9}"
EndProject
Global
	GlobalSection(SolutionConfigurationPlatforms) = preSolution
		Debug|Any CPU = Debug|Any CPU
		Release|Any CPU = Release|Any CPU
	EndGlobalSection
	GlobalSection(ProjectConfigurationPlatforms) = postSolution
		{CEFD393A-EB59-448F-87A2-E1366E6D4CF9}.Debug|Any CPU.ActiveCfg = Debug|Any CPU
		{CEFD393A-EB59-448F-87A2-E1366E6D4CF9}.Debug|Any CPU.Build.0 = Debug|Any CPU
		{CEFD393A-EB59-448F-87A2-E1366E6D4CF9}.Release|Any CPU.ActiveCfg = Release|Any CPU
		{CEFD393A-EB59-448F-87A2-E1366E6D4CF9}.Release|Any CPU.Build.0 = Release|Any CPU
	EndGlobalSection
	GlobalSection(SolutionProperties) = preSolution
		HideSolutionNode = FALSE
	EndGlobalSection
	GlobalSection(ExtensibilityGlobals) = postSolution
		SolutionGuid = {A1C9B071-31B5-4FB7-B02D-01B371779ACB}
	EndGlobalSection
EndGlobal
